{
  "nodes": {
    "nixCats": {
      "locked": {
        "lastModified": 1762227818,
        "narHash": "sha256-GSnU4XJucZojGVBGY7djqsT37P9YViCMTVw58tsqrOs=",
        "owner": "BirdeeHub",
        "repo": "nixCats-nvim",
        "rev": "fa7991a4fa7d7227486910ce6724215b88eb8296",
        "type": "github"
      },
      "original": {
        "owner": "BirdeeHub",
        "repo": "nixCats-nvim",
        "type": "github"
      }
    },
    "nixpkgs": {
      "locked": {
        "lastModified": 1762943920,
        "narHash": "sha256-ITeH8GBpQTw9457ICZBddQEBjlXMmilML067q0e6vqY=",
        "owner": "nixos",
        "repo": "nixpkgs",
        "rev": "91c9a64ce2a84e648d0cf9671274bb9c2fb9ba60",
        "type": "github"
      },
      "original": {
        "owner": "nixos",
        "ref": "nixpkgs-unstable",
        "repo": "nixpkgs",
        "type": "github"
      }
    },
    "plugins-vim-jukit": {
      "flake": false,
      "locked": {
        "lastModified": 1697989051,
        "narHash": "sha256-wWpa08WG0CGQiI3G7g6k2ruSnyAXxmRJ1OW26oyoBgE=",
        "owner": "luk400",
        "repo": "vim-jukit",
        "rev": "73214c9a8abc4b6aa7a6266b5bc2ddbf8b3e3c00",
        "type": "github"
      },
      "original": {
        "owner": "luk400",
        "repo": "vim-jukit",
        "type": "github"
      }
    },
    "root": {
      "inputs": {
        "nixCats": "nixCats",
        "nixpkgs": "nixpkgs",
        "plugins-vim-jukit": "plugins-vim-jukit"
      }
    }
  },
  "root": "root",
  "version": 7
}
